// !$*UTF8*$!
{
	archiveVersion = 1;
	classes = {
	};
	objectVersion = 46;
	objects = {

/* Begin PBXBuildFile section */
		7E0C8A131743D74C00579E10 /* UIKit.framework in Frameworks */ = {isa = PBXBuildFile; fileRef = 7E0C8A121743D74C00579E10 /* UIKit.framework */; };
		7E0C8A151743D74C00579E10 /* Foundation.framework in Frameworks */ = {isa = PBXBuildFile; fileRef = 7E0C8A141743D74C00579E10 /* Foundation.framework */; };
		7E0C8A171743D74C00579E10 /* CoreGraphics.framework in Frameworks */ = {isa = PBXBuildFile; fileRef = 7E0C8A161743D74C00579E10 /* CoreGraphics.framework */; };
		7E0C8A1D1743D74C00579E10 /* InfoPlist.strings in Resources */ = {isa = PBXBuildFile; fileRef = 7E0C8A1B1743D74C00579E10 /* InfoPlist.strings */; };
		7E0C8A1F1743D74C00579E10 /* main.m in Sources */ = {isa = PBXBuildFile; fileRef = 7E0C8A1E1743D74C00579E10 /* main.m */; };
		7E0C8A231743D74C00579E10 /* AppDelegate.m in Sources */ = {isa = PBXBuildFile; fileRef = 7E0C8A221743D74C00579E10 /* AppDelegate.m */; };
		7E0C8A251743D74C00579E10 /* Default.png in Resources */ = {isa = PBXBuildFile; fileRef = 7E0C8A241743D74C00579E10 /* Default.png */; };
		7E0C8A271743D74C00579E10 /* Default@2x.png in Resources */ = {isa = PBXBuildFile; fileRef = 7E0C8A261743D74C00579E10 /* Default@2x.png */; };
		7E0C8A291743D74C00579E10 /* Default-568h@2x.png in Resources */ = {isa = PBXBuildFile; fileRef = 7E0C8A281743D74C00579E10 /* Default-568h@2x.png */; };
		7E0C8A4F1743DB2B00579E10 /* blue-menuBar.png in Resources */ = {isa = PBXBuildFile; fileRef = 7E0C8A4B1743DB2B00579E10 /* blue-menuBar.png */; };
		7E0C8A501743DB2B00579E10 /* blue-menuBar@2x.png in Resources */ = {isa = PBXBuildFile; fileRef = 7E0C8A4C1743DB2B00579E10 /* blue-menuBar@2x.png */; };
		7E0C8A511743DB2B00579E10 /* blue-reverse-menuBar.png in Resources */ = {isa = PBXBuildFile; fileRef = 7E0C8A4D1743DB2B00579E10 /* blue-reverse-menuBar.png */; };
		7E0C8A521743DB2B00579E10 /* blue-reverse-menuBar@2x.png in Resources */ = {isa = PBXBuildFile; fileRef = 7E0C8A4E1743DB2B00579E10 /* blue-reverse-menuBar@2x.png */; };
		7E0C8A551743DB4000579E10 /* red-menuBar.png in Resources */ = {isa = PBXBuildFile; fileRef = 7E0C8A531743DB4000579E10 /* red-menuBar.png */; };
		7E0C8A561743DB4000579E10 /* red-menuBar@2x.png in Resources */ = {isa = PBXBuildFile; fileRef = 7E0C8A541743DB4000579E10 /* red-menuBar@2x.png */; };
		7E0C8A621743DB8400579E10 /* bookmark.png in Resources */ = {isa = PBXBuildFile; fileRef = 7E0C8A571743DB8400579E10 /* bookmark.png */; };
		7E0C8A631743DB8400579E10 /* bookmark@2x.png in Resources */ = {isa = PBXBuildFile; fileRef = 7E0C8A581743DB8400579E10 /* bookmark@2x.png */; };
		7E0C8A641743DB8400579E10 /* bubble.png in Resources */ = {isa = PBXBuildFile; fileRef = 7E0C8A591743DB8400579E10 /* bubble.png */; };
		7E0C8A651743DB8400579E10 /* favorite-bookmark.png in Resources */ = {isa = PBXBuildFile; fileRef = 7E0C8A5A1743DB8400579E10 /* favorite-bookmark.png */; };
		7E0C8A661743DB8400579E10 /* favorite-bookmark@2x.png in Resources */ = {isa = PBXBuildFile; fileRef = 7E0C8A5B1743DB8400579E10 /* favorite-bookmark@2x.png */; };
		7E0C8A671743DB8400579E10 /* home.png in Resources */ = {isa = PBXBuildFile; fileRef = 7E0C8A5C1743DB8400579E10 /* home.png */; };
		7E0C8A681743DB8400579E10 /* home@2x.png in Resources */ = {isa = PBXBuildFile; fileRef = 7E0C8A5D1743DB8400579E10 /* home@2x.png */; };
		7E0C8A691743DB8400579E10 /* settings.png in Resources */ = {isa = PBXBuildFile; fileRef = 7E0C8A5E1743DB8400579E10 /* settings.png */; };
		7E0C8A6A1743DB8400579E10 /* settings@2x.png in Resources */ = {isa = PBXBuildFile; fileRef = 7E0C8A5F1743DB8400579E10 /* settings@2x.png */; };
		7E0C8A6B1743DB8400579E10 /* tistory.png in Resources */ = {isa = PBXBuildFile; fileRef = 7E0C8A601743DB8400579E10 /* tistory.png */; };
		7E0C8A6C1743DB8400579E10 /* tistory@2x.png in Resources */ = {isa = PBXBuildFile; fileRef = 7E0C8A611743DB8400579E10 /* tistory@2x.png */; };
		7E0C8A711743DBF600579E10 /* JSONKit.m in Sources */ = {isa = PBXBuildFile; fileRef = 7E0C8A701743DBF600579E10 /* JSONKit.m */; settings = {COMPILER_FLAGS = "-fno-objc-arc"; }; };
		7E0C8A741743DC0F00579E10 /* HTTPRequest.m in Sources */ = {isa = PBXBuildFile; fileRef = 7E0C8A731743DC0F00579E10 /* HTTPRequest.m */; };
		7E0C8A7A1743DEBE00579E10 /* StandardUserSettings.m in Sources */ = {isa = PBXBuildFile; fileRef = 7E0C8A781743DEBE00579E10 /* StandardUserSettings.m */; };
		7E0C8A801743DF5600579E10 /* MyBlogApi.m in Sources */ = {isa = PBXBuildFile; fileRef = 7E0C8A7D1743DF5600579E10 /* MyBlogApi.m */; };
		7E0C8A811743DF5600579E10 /* MyBlogInfo.m in Sources */ = {isa = PBXBuildFile; fileRef = 7E0C8A7F1743DF5600579E10 /* MyBlogInfo.m */; };
		7E0C8A8C1743DFBC00579E10 /* DataManager.m in Sources */ = {isa = PBXBuildFile; fileRef = 7E0C8A861743DFBC00579E10 /* DataManager.m */; };
		7E0C8A8E1743DFBC00579E10 /* TagManager.m in Sources */ = {isa = PBXBuildFile; fileRef = 7E0C8A8A1743DFBC00579E10 /* TagManager.m */; };
		7E0C8A931743E27B00579E10 /* PostingViewController.m in Sources */ = {isa = PBXBuildFile; fileRef = 7E0C8A911743E27B00579E10 /* PostingViewController.m */; };
		7E0C8A941743E27B00579E10 /* PostingViewController.xib in Resources */ = {isa = PBXBuildFile; fileRef = 7E0C8A921743E27B00579E10 /* PostingViewController.xib */; };
		7E0C8A9D1743E41600579E10 /* PopoverView.m in Sources */ = {isa = PBXBuildFile; fileRef = 7E0C8A9C1743E41600579E10 /* PopoverView.m */; };
		7E0C8AAB1743E76000579E10 /* bubble@2x.png in Resources */ = {isa = PBXBuildFile; fileRef = 7E0C8AAA1743E76000579E10 /* bubble@2x.png */; };
		7E0C8AB61743E78500579E10 /* bubbleMine.png in Resources */ = {isa = PBXBuildFile; fileRef = 7E0C8AAC1743E78500579E10 /* bubbleMine.png */; };
		7E0C8AB71743E78500579E10 /* bubbleMine@2x.png in Resources */ = {isa = PBXBuildFile; fileRef = 7E0C8AAD1743E78500579E10 /* bubbleMine@2x.png */; };
		7E0C8AB81743E78500579E10 /* bubbleSomeone.png in Resources */ = {isa = PBXBuildFile; fileRef = 7E0C8AAE1743E78500579E10 /* bubbleSomeone.png */; };
		7E0C8AB91743E78500579E10 /* bubbleSomeone@2x.png in Resources */ = {isa = PBXBuildFile; fileRef = 7E0C8AAF1743E78500579E10 /* bubbleSomeone@2x.png */; };
		7E0C8ABA1743E78500579E10 /* missingAvatar.png in Resources */ = {isa = PBXBuildFile; fileRef = 7E0C8AB01743E78500579E10 /* missingAvatar.png */; };
		7E0C8ABB1743E78500579E10 /* missingAvatar@2x.png in Resources */ = {isa = PBXBuildFile; fileRef = 7E0C8AB11743E78500579E10 /* missingAvatar@2x.png */; };
		7E0C8ABC1743E78500579E10 /* typingMine.png in Resources */ = {isa = PBXBuildFile; fileRef = 7E0C8AB21743E78500579E10 /* typingMine.png */; };
		7E0C8ABD1743E78500579E10 /* typingMine@2x.png in Resources */ = {isa = PBXBuildFile; fileRef = 7E0C8AB31743E78500579E10 /* typingMine@2x.png */; };
		7E0C8ABE1743E78500579E10 /* typingSomeone.png in Resources */ = {isa = PBXBuildFile; fileRef = 7E0C8AB41743E78500579E10 /* typingSomeone.png */; };
		7E0C8ABF1743E78500579E10 /* typingSomeone@2x.png in Resources */ = {isa = PBXBuildFile; fileRef = 7E0C8AB51743E78500579E10 /* typingSomeone@2x.png */; };
		7E0C8ACA1743E7B700579E10 /* UIBubbleHeaderTableViewCell.m in Sources */ = {isa = PBXBuildFile; fileRef = 7E0C8AC21743E7B700579E10 /* UIBubbleHeaderTableViewCell.m */; };
		7E0C8ACB1743E7B700579E10 /* UIBubbleTableView.m in Sources */ = {isa = PBXBuildFile; fileRef = 7E0C8AC41743E7B700579E10 /* UIBubbleTableView.m */; };
		7E0C8ACC1743E7B700579E10 /* UIBubbleTableViewCell.m in Sources */ = {isa = PBXBuildFile; fileRef = 7E0C8AC61743E7B700579E10 /* UIBubbleTableViewCell.m */; };
		7E0C8ACD1743E7B700579E10 /* UIBubbleTypingTableViewCell.m in Sources */ = {isa = PBXBuildFile; fileRef = 7E0C8AC91743E7B700579E10 /* UIBubbleTypingTableViewCell.m */; };
		7E0C8AD11743E7CE00579E10 /* SearchToolBar.m in Sources */ = {isa = PBXBuildFile; fileRef = 7E0C8AD01743E7CE00579E10 /* SearchToolBar.m */; };
		7E0C8AD51743E7E900579E10 /* MessengerViewController.m in Sources */ = {isa = PBXBuildFile; fileRef = 7E0C8AD31743E7E800579E10 /* MessengerViewController.m */; };
		7E0C8AD61743E7E900579E10 /* MessengerViewController.xib in Resources */ = {isa = PBXBuildFile; fileRef = 7E0C8AD41743E7E800579E10 /* MessengerViewController.xib */; };
		7E0C8ADB1743E80500579E10 /* FeedbackViewController.m in Sources */ = {isa = PBXBuildFile; fileRef = 7E0C8AD91743E80500579E10 /* FeedbackViewController.m */; };
		7E0C8ADC1743E80500579E10 /* FeedbackViewController.xib in Resources */ = {isa = PBXBuildFile; fileRef = 7E0C8ADA1743E80500579E10 /* FeedbackViewController.xib */; };
		7E0C8AE01743E82400579E10 /* MyBlogViewController.m in Sources */ = {isa = PBXBuildFile; fileRef = 7E0C8ADE1743E82300579E10 /* MyBlogViewController.m */; };
		7E0C8AE11743E82400579E10 /* MyBlogViewController.xib in Resources */ = {isa = PBXBuildFile; fileRef = 7E0C8ADF1743E82300579E10 /* MyBlogViewController.xib */; };
		7E0C8AE51743E82C00579E10 /* TistoryViewController.m in Sources */ = {isa = PBXBuildFile; fileRef = 7E0C8AE31743E82C00579E10 /* TistoryViewController.m */; };
		7E0C8AE61743E82C00579E10 /* TistoryViewController.xib in Resources */ = {isa = PBXBuildFile; fileRef = 7E0C8AE41743E82C00579E10 /* TistoryViewController.xib */; };
		7E0C8AF11743E85E00579E10 /* InfoCell.m in Sources */ = {isa = PBXBuildFile; fileRef = 7E0C8AE81743E85D00579E10 /* InfoCell.m */; };
		7E0C8AF21743E85E00579E10 /* InfoViewController.m in Sources */ = {isa = PBXBuildFile; fileRef = 7E0C8AEA1743E85D00579E10 /* InfoViewController.m */; };
		7E0C8AF31743E85E00579E10 /* InfoViewController.xib in Resources */ = {isa = PBXBuildFile; fileRef = 7E0C8AEB1743E85D00579E10 /* InfoViewController.xib */; };
		7E0C8AF41743E85E00579E10 /* SwitchCell.m in Sources */ = {isa = PBXBuildFile; fileRef = 7E0C8AED1743E85E00579E10 /* SwitchCell.m */; };
		7E0C8AF51743E85E00579E10 /* TIstoryConnectionViewController.m in Sources */ = {isa = PBXBuildFile; fileRef = 7E0C8AEF1743E85E00579E10 /* TIstoryConnectionViewController.m */; };
		7E0C8AF61743E85E00579E10 /* TIstoryConnectionViewController.xib in Resources */ = {isa = PBXBuildFile; fileRef = 7E0C8AF01743E85E00579E10 /* TIstoryConnectionViewController.xib */; };
		7E0C8AFA1743E8B200579E10 /* AuthViewController.m in Sources */ = {isa = PBXBuildFile; fileRef = 7E0C8AF81743E8B200579E10 /* AuthViewController.m */; };
		7E0C8AFB1743E8B200579E10 /* AuthViewController.xib in Resources */ = {isa = PBXBuildFile; fileRef = 7E0C8AF91743E8B200579E10 /* AuthViewController.xib */; };
		7E0C8AFE1743E90E00579E10 /* NSBubbleData.m in Sources */ = {isa = PBXBuildFile; fileRef = 7E0C8AFD1743E90E00579E10 /* NSBubbleData.m */; };
		7E0C8B02174439D200579E10 /* WritterViewController.m in Sources */ = {isa = PBXBuildFile; fileRef = 7E0C8B00174439D100579E10 /* WritterViewController.m */; };
		7E0C8B03174439D200579E10 /* WritterViewController.xib in Resources */ = {isa = PBXBuildFile; fileRef = 7E0C8B01174439D100579E10 /* WritterViewController.xib */; };
		7E5C68321747668A00B61234 /* TistoryHtmlTagManager.m in Sources */ = {isa = PBXBuildFile; fileRef = 7E5C68311747668A00B61234 /* TistoryHtmlTagManager.m */; };
		7E5C68361747882600B61234 /* TagInputViewController.m in Sources */ = {isa = PBXBuildFile; fileRef = 7E5C68341747882600B61234 /* TagInputViewController.m */; };
		7E5C68371747882600B61234 /* TagInputViewController.xib in Resources */ = {isa = PBXBuildFile; fileRef = 7E5C68351747882600B61234 /* TagInputViewController.xib */; };
		7E5C683B1747891800B61234 /* CategoryInputViewController.m in Sources */ = {isa = PBXBuildFile; fileRef = 7E5C68391747891800B61234 /* CategoryInputViewController.m */; };
		7E5C683C1747891800B61234 /* CategoryInputViewController.xib in Resources */ = {isa = PBXBuildFile; fileRef = 7E5C683A1747891800B61234 /* CategoryInputViewController.xib */; };
		7E5C684017480D9C00B61234 /* CategoryApi.m in Sources */ = {isa = PBXBuildFile; fileRef = 7E5C683F17480D9C00B61234 /* CategoryApi.m */; };
		7E5C684317481EB500B61234 /* CategoryInfo.m in Sources */ = {isa = PBXBuildFile; fileRef = 7E5C684217481EB500B61234 /* CategoryInfo.m */; };
		7E5F18861750FC3900DDD3D6 /* CMColourBlockView.m in Sources */ = {isa = PBXBuildFile; fileRef = 7E5F18771750FC3900DDD3D6 /* CMColourBlockView.m */; settings = {COMPILER_FLAGS = "-fno-objc-arc"; }; };
		7E5F18871750FC3900DDD3D6 /* CMColourSelectTableViewController.m in Sources */ = {isa = PBXBuildFile; fileRef = 7E5F18791750FC3900DDD3D6 /* CMColourSelectTableViewController.m */; settings = {COMPILER_FLAGS = "-fno-objc-arc"; }; };
		7E5F18881750FC3900DDD3D6 /* CMColourSelectTableViewController.xib in Resources */ = {isa = PBXBuildFile; fileRef = 7E5F187A1750FC3900DDD3D6 /* CMColourSelectTableViewController.xib */; };
		7E5F18891750FC3900DDD3D6 /* CMFontSelectTableViewController.m in Sources */ = {isa = PBXBuildFile; fileRef = 7E5F187C1750FC3900DDD3D6 /* CMFontSelectTableViewController.m */; settings = {COMPILER_FLAGS = "-fno-objc-arc"; }; };
		7E5F188A1750FC3900DDD3D6 /* CMFontSelectTableViewController.xib in Resources */ = {isa = PBXBuildFile; fileRef = 7E5F187D1750FC3900DDD3D6 /* CMFontSelectTableViewController.xib */; };
		7E5F188B1750FC3900DDD3D6 /* CMFontStyleSelectTableViewController.m in Sources */ = {isa = PBXBuildFile; fileRef = 7E5F187F1750FC3900DDD3D6 /* CMFontStyleSelectTableViewController.m */; settings = {COMPILER_FLAGS = "-fno-objc-arc"; }; };
		7E5F188C1750FC3900DDD3D6 /* CMFontStyleSelectTableViewController.xib in Resources */ = {isa = PBXBuildFile; fileRef = 7E5F18801750FC3900DDD3D6 /* CMFontStyleSelectTableViewController.xib */; };
		7E5F188D1750FC3900DDD3D6 /* CMTextStylePickerViewController.m in Sources */ = {isa = PBXBuildFile; fileRef = 7E5F18821750FC3900DDD3D6 /* CMTextStylePickerViewController.m */; settings = {COMPILER_FLAGS = "-fno-objc-arc"; }; };
		7E5F188E1750FC3900DDD3D6 /* CMTextStylePickerViewController.xib in Resources */ = {isa = PBXBuildFile; fileRef = 7E5F18831750FC3900DDD3D6 /* CMTextStylePickerViewController.xib */; };
		7E5F188F1750FC3900DDD3D6 /* CMUpDownControl.m in Sources */ = {isa = PBXBuildFile; fileRef = 7E5F18851750FC3900DDD3D6 /* CMUpDownControl.m */; settings = {COMPILER_FLAGS = "-fno-objc-arc"; }; };
		7E5F18921751926400DDD3D6 /* NSAccessory.m in Sources */ = {isa = PBXBuildFile; fileRef = 7E5F18911751926400DDD3D6 /* NSAccessory.m */; };
		7E5F18951751928E00DDD3D6 /* NSFontAccessory.m in Sources */ = {isa = PBXBuildFile; fileRef = 7E5F18941751928E00DDD3D6 /* NSFontAccessory.m */; };
		7E5F18981753148B00DDD3D6 /* NSColor.m in Sources */ = {isa = PBXBuildFile; fileRef = 7E5F18971753148900DDD3D6 /* NSColor.m */; };
		7E6E920217540C010063A9D0 /* PostListInfo.m in Sources */ = {isa = PBXBuildFile; fileRef = 7E6E920117540C010063A9D0 /* PostListInfo.m */; };
		7E85EC581745A76E00926189 /* NSPosting.m in Sources */ = {isa = PBXBuildFile; fileRef = 7E85EC571745A76E00926189 /* NSPosting.m */; };
		7E85EC5C1745C2D600926189 /* NSMD5Utils.m in Sources */ = {isa = PBXBuildFile; fileRef = 7E85EC5B1745C2D600926189 /* NSMD5Utils.m */; };
		7E85EC5F1745F84500926189 /* NSPostingIndex.m in Sources */ = {isa = PBXBuildFile; fileRef = 7E85EC5E1745F84500926189 /* NSPostingIndex.m */; };
		7E85EC63174667EF00926189 /* BlogPostingCell.m in Sources */ = {isa = PBXBuildFile; fileRef = 7E85EC62174667EF00926189 /* BlogPostingCell.m */; };
		7E85EC6617466A5000926189 /* NSDateUtils.m in Sources */ = {isa = PBXBuildFile; fileRef = 7E85EC6517466A5000926189 /* NSDateUtils.m */; };
		7E8F38471745118500E5B9AF /* hr.png in Resources */ = {isa = PBXBuildFile; fileRef = 7E8F38461745118500E5B9AF /* hr.png */; };
		7EBE76231753929300C51C4F /* PostListApi.m in Sources */ = {isa = PBXBuildFile; fileRef = 7EBE76221753929300C51C4F /* PostListApi.m */; };
		7EDA35C717482283006CA470 /* CRTableViewCell.m in Sources */ = {isa = PBXBuildFile; fileRef = 7EDA35C617482283006CA470 /* CRTableViewCell.m */; };
		7EDA35CA1748538E006CA470 /* NSPostingUpload.m in Sources */ = {isa = PBXBuildFile; fileRef = 7EDA35C91748538E006CA470 /* NSPostingUpload.m */; };
		7EDA35D117486B2B006CA470 /* WriteApi.m in Sources */ = {isa = PBXBuildFile; fileRef = 7EDA35D017486B2B006CA470 /* WriteApi.m */; };
		7EDA35D417487FFB006CA470 /* ApiUtils.m in Sources */ = {isa = PBXBuildFile; fileRef = 7EDA35D317487FFB006CA470 /* ApiUtils.m */; };
/* End PBXBuildFile section */

/* Begin PBXFileReference section */
		7E0C8A0F1743D74C00579E10 /* TistoryTalk.app */ = {isa = PBXFileReference; explicitFileType = wrapper.application; includeInIndex = 0; path = TistoryTalk.app; sourceTree = BUILT_PRODUCTS_DIR; };
		7E0C8A121743D74C00579E10 /* UIKit.framework */ = {isa = PBXFileReference; lastKnownFileType = wrapper.framework; name = UIKit.framework; path = System/Library/Frameworks/UIKit.framework; sourceTree = SDKROOT; };
		7E0C8A141743D74C00579E10 /* Foundation.framework */ = {isa = PBXFileReference; lastKnownFileType = wrapper.framework; name = Foundation.framework; path = System/Library/Frameworks/Foundation.framework; sourceTree = SDKROOT; };
		7E0C8A161743D74C00579E10 /* CoreGraphics.framework */ = {isa = PBXFileReference; lastKnownFileType = wrapper.framework; name = CoreGraphics.framework; path = System/Library/Frameworks/CoreGraphics.framework; sourceTree = SDKROOT; };
		7E0C8A1A1743D74C00579E10 /* TistoryTalk-Info.plist */ = {isa = PBXFileReference; lastKnownFileType = text.plist.xml; path = "TistoryTalk-Info.plist"; sourceTree = "<group>"; };
		7E0C8A1C1743D74C00579E10 /* en */ = {isa = PBXFileReference; lastKnownFileType = text.plist.strings; name = en; path = en.lproj/InfoPlist.strings; sourceTree = "<group>"; };
		7E0C8A1E1743D74C00579E10 /* main.m */ = {isa = PBXFileReference; lastKnownFileType = sourcecode.c.objc; path = main.m; sourceTree = "<group>"; };
		7E0C8A201743D74C00579E10 /* TistoryTalk-Prefix.pch */ = {isa = PBXFileReference; lastKnownFileType = sourcecode.c.h; path = "TistoryTalk-Prefix.pch"; sourceTree = "<group>"; };
		7E0C8A211743D74C00579E10 /* AppDelegate.h */ = {isa = PBXFileReference; lastKnownFileType = sourcecode.c.h; path = AppDelegate.h; sourceTree = "<group>"; };
		7E0C8A221743D74C00579E10 /* AppDelegate.m */ = {isa = PBXFileReference; lastKnownFileType = sourcecode.c.objc; path = AppDelegate.m; sourceTree = "<group>"; };
		7E0C8A241743D74C00579E10 /* Default.png */ = {isa = PBXFileReference; lastKnownFileType = image.png; path = Default.png; sourceTree = "<group>"; };
		7E0C8A261743D74C00579E10 /* Default@2x.png */ = {isa = PBXFileReference; lastKnownFileType = image.png; path = "Default@2x.png"; sourceTree = "<group>"; };
		7E0C8A281743D74C00579E10 /* Default-568h@2x.png */ = {isa = PBXFileReference; lastKnownFileType = image.png; path = "Default-568h@2x.png"; sourceTree = "<group>"; };
		7E0C8A4B1743DB2B00579E10 /* blue-menuBar.png */ = {isa = PBXFileReference; lastKnownFileType = image.png; path = "blue-menuBar.png"; sourceTree = "<group>"; };
		7E0C8A4C1743DB2B00579E10 /* blue-menuBar@2x.png */ = {isa = PBXFileReference; lastKnownFileType = image.png; path = "blue-menuBar@2x.png"; sourceTree = "<group>"; };
		7E0C8A4D1743DB2B00579E10 /* blue-reverse-menuBar.png */ = {isa = PBXFileReference; lastKnownFileType = image.png; path = "blue-reverse-menuBar.png"; sourceTree = "<group>"; };
		7E0C8A4E1743DB2B00579E10 /* blue-reverse-menuBar@2x.png */ = {isa = PBXFileReference; lastKnownFileType = image.png; path = "blue-reverse-menuBar@2x.png"; sourceTree = "<group>"; };
		7E0C8A531743DB4000579E10 /* red-menuBar.png */ = {isa = PBXFileReference; lastKnownFileType = image.png; path = "red-menuBar.png"; sourceTree = "<group>"; };
		7E0C8A541743DB4000579E10 /* red-menuBar@2x.png */ = {isa = PBXFileReference; lastKnownFileType = image.png; path = "red-menuBar@2x.png"; sourceTree = "<group>"; };
		7E0C8A571743DB8400579E10 /* bookmark.png */ = {isa = PBXFileReference; lastKnownFileType = image.png; path = bookmark.png; sourceTree = "<group>"; };
		7E0C8A581743DB8400579E10 /* bookmark@2x.png */ = {isa = PBXFileReference; lastKnownFileType = image.png; path = "bookmark@2x.png"; sourceTree = "<group>"; };
		7E0C8A591743DB8400579E10 /* bubble.png */ = {isa = PBXFileReference; lastKnownFileType = image.png; path = bubble.png; sourceTree = "<group>"; };
		7E0C8A5A1743DB8400579E10 /* favorite-bookmark.png */ = {isa = PBXFileReference; lastKnownFileType = image.png; path = "favorite-bookmark.png"; sourceTree = "<group>"; };
		7E0C8A5B1743DB8400579E10 /* favorite-bookmark@2x.png */ = {isa = PBXFileReference; lastKnownFileType = image.png; path = "favorite-bookmark@2x.png"; sourceTree = "<group>"; };
		7E0C8A5C1743DB8400579E10 /* home.png */ = {isa = PBXFileReference; lastKnownFileType = image.png; path = home.png; sourceTree = "<group>"; };
		7E0C8A5D1743DB8400579E10 /* home@2x.png */ = {isa = PBXFileReference; lastKnownFileType = image.png; path = "home@2x.png"; sourceTree = "<group>"; };
		7E0C8A5E1743DB8400579E10 /* settings.png */ = {isa = PBXFileReference; lastKnownFileType = image.png; path = settings.png; sourceTree = "<group>"; };
		7E0C8A5F1743DB8400579E10 /* settings@2x.png */ = {isa = PBXFileReference; lastKnownFileType = image.png; path = "settings@2x.png"; sourceTree = "<group>"; };
		7E0C8A601743DB8400579E10 /* tistory.png */ = {isa = PBXFileReference; lastKnownFileType = image.png; path = tistory.png; sourceTree = "<group>"; };
		7E0C8A611743DB8400579E10 /* tistory@2x.png */ = {isa = PBXFileReference; lastKnownFileType = image.png; path = "tistory@2x.png"; sourceTree = "<group>"; };
		7E0C8A6F1743DBF600579E10 /* JSONKit.h */ = {isa = PBXFileReference; fileEncoding = 4; lastKnownFileType = sourcecode.c.h; path = JSONKit.h; sourceTree = "<group>"; };
		7E0C8A701743DBF600579E10 /* JSONKit.m */ = {isa = PBXFileReference; fileEncoding = 4; lastKnownFileType = sourcecode.c.objc; path = JSONKit.m; sourceTree = "<group>"; };
		7E0C8A721743DC0F00579E10 /* HTTPRequest.h */ = {isa = PBXFileReference; fileEncoding = 4; lastKnownFileType = sourcecode.c.h; path = HTTPRequest.h; sourceTree = "<group>"; };
		7E0C8A731743DC0F00579E10 /* HTTPRequest.m */ = {isa = PBXFileReference; fileEncoding = 4; lastKnownFileType = sourcecode.c.objc; path = HTTPRequest.m; sourceTree = "<group>"; };
		7E0C8A751743DEBE00579E10 /* SettingKeys.h */ = {isa = PBXFileReference; fileEncoding = 4; lastKnownFileType = sourcecode.c.h; path = SettingKeys.h; sourceTree = "<group>"; };
		7E0C8A771743DEBE00579E10 /* StandardUserSettings.h */ = {isa = PBXFileReference; fileEncoding = 4; lastKnownFileType = sourcecode.c.h; path = StandardUserSettings.h; sourceTree = "<group>"; };
		7E0C8A781743DEBE00579E10 /* StandardUserSettings.m */ = {isa = PBXFileReference; fileEncoding = 4; lastKnownFileType = sourcecode.c.objc; path = StandardUserSettings.m; sourceTree = "<group>"; };
		7E0C8A7C1743DF5600579E10 /* MyBlogApi.h */ = {isa = PBXFileReference; fileEncoding = 4; lastKnownFileType = sourcecode.c.h; path = MyBlogApi.h; sourceTree = "<group>"; };
		7E0C8A7D1743DF5600579E10 /* MyBlogApi.m */ = {isa = PBXFileReference; fileEncoding = 4; lastKnownFileType = sourcecode.c.objc; path = MyBlogApi.m; sourceTree = "<group>"; };
		7E0C8A7E1743DF5600579E10 /* MyBlogInfo.h */ = {isa = PBXFileReference; fileEncoding = 4; lastKnownFileType = sourcecode.c.h; path = MyBlogInfo.h; sourceTree = "<group>"; };
		7E0C8A7F1743DF5600579E10 /* MyBlogInfo.m */ = {isa = PBXFileReference; fileEncoding = 4; lastKnownFileType = sourcecode.c.objc; path = MyBlogInfo.m; sourceTree = "<group>"; };
		7E0C8A851743DFBC00579E10 /* DataManager.h */ = {isa = PBXFileReference; fileEncoding = 4; lastKnownFileType = sourcecode.c.h; path = DataManager.h; sourceTree = "<group>"; };
		7E0C8A861743DFBC00579E10 /* DataManager.m */ = {isa = PBXFileReference; fileEncoding = 4; lastKnownFileType = sourcecode.c.objc; path = DataManager.m; sourceTree = "<group>"; };
		7E0C8A891743DFBC00579E10 /* TagManager.h */ = {isa = PBXFileReference; fileEncoding = 4; lastKnownFileType = sourcecode.c.h; path = TagManager.h; sourceTree = "<group>"; };
		7E0C8A8A1743DFBC00579E10 /* TagManager.m */ = {isa = PBXFileReference; fileEncoding = 4; lastKnownFileType = sourcecode.c.objc; path = TagManager.m; sourceTree = "<group>"; };
		7E0C8A901743E27B00579E10 /* PostingViewController.h */ = {isa = PBXFileReference; fileEncoding = 4; lastKnownFileType = sourcecode.c.h; path = PostingViewController.h; sourceTree = "<group>"; };
		7E0C8A911743E27B00579E10 /* PostingViewController.m */ = {isa = PBXFileReference; fileEncoding = 4; lastKnownFileType = sourcecode.c.objc; path = PostingViewController.m; sourceTree = "<group>"; };
		7E0C8A921743E27B00579E10 /* PostingViewController.xib */ = {isa = PBXFileReference; fileEncoding = 4; lastKnownFileType = file.xib; path = PostingViewController.xib; sourceTree = "<group>"; };
		7E0C8A9A1743E41600579E10 /* PopoverView_Configuration.h */ = {isa = PBXFileReference; fileEncoding = 4; lastKnownFileType = sourcecode.c.h; path = PopoverView_Configuration.h; sourceTree = "<group>"; };
		7E0C8A9B1743E41600579E10 /* PopoverView.h */ = {isa = PBXFileReference; fileEncoding = 4; lastKnownFileType = sourcecode.c.h; path = PopoverView.h; sourceTree = "<group>"; };
		7E0C8A9C1743E41600579E10 /* PopoverView.m */ = {isa = PBXFileReference; fileEncoding = 4; lastKnownFileType = sourcecode.c.objc; path = PopoverView.m; sourceTree = "<group>"; };
		7E0C8AAA1743E76000579E10 /* bubble@2x.png */ = {isa = PBXFileReference; lastKnownFileType = image.png; path = "bubble@2x.png"; sourceTree = "<group>"; };
		7E0C8AAC1743E78500579E10 /* bubbleMine.png */ = {isa = PBXFileReference; lastKnownFileType = image.png; path = bubbleMine.png; sourceTree = "<group>"; };
		7E0C8AAD1743E78500579E10 /* bubbleMine@2x.png */ = {isa = PBXFileReference; lastKnownFileType = image.png; path = "bubbleMine@2x.png"; sourceTree = "<group>"; };
		7E0C8AAE1743E78500579E10 /* bubbleSomeone.png */ = {isa = PBXFileReference; lastKnownFileType = image.png; path = bubbleSomeone.png; sourceTree = "<group>"; };
		7E0C8AAF1743E78500579E10 /* bubbleSomeone@2x.png */ = {isa = PBXFileReference; lastKnownFileType = image.png; path = "bubbleSomeone@2x.png"; sourceTree = "<group>"; };
		7E0C8AB01743E78500579E10 /* missingAvatar.png */ = {isa = PBXFileReference; lastKnownFileType = image.png; path = missingAvatar.png; sourceTree = "<group>"; };
		7E0C8AB11743E78500579E10 /* missingAvatar@2x.png */ = {isa = PBXFileReference; lastKnownFileType = image.png; path = "missingAvatar@2x.png"; sourceTree = "<group>"; };
		7E0C8AB21743E78500579E10 /* typingMine.png */ = {isa = PBXFileReference; lastKnownFileType = image.png; path = typingMine.png; sourceTree = "<group>"; };
		7E0C8AB31743E78500579E10 /* typingMine@2x.png */ = {isa = PBXFileReference; lastKnownFileType = image.png; path = "typingMine@2x.png"; sourceTree = "<group>"; };
		7E0C8AB41743E78500579E10 /* typingSomeone.png */ = {isa = PBXFileReference; lastKnownFileType = image.png; path = typingSomeone.png; sourceTree = "<group>"; };
		7E0C8AB51743E78500579E10 /* typingSomeone@2x.png */ = {isa = PBXFileReference; lastKnownFileType = image.png; path = "typingSomeone@2x.png"; sourceTree = "<group>"; };
		7E0C8AC11743E7B700579E10 /* UIBubbleHeaderTableViewCell.h */ = {isa = PBXFileReference; fileEncoding = 4; lastKnownFileType = sourcecode.c.h; path = UIBubbleHeaderTableViewCell.h; sourceTree = "<group>"; };
		7E0C8AC21743E7B700579E10 /* UIBubbleHeaderTableViewCell.m */ = {isa = PBXFileReference; fileEncoding = 4; lastKnownFileType = sourcecode.c.objc; path = UIBubbleHeaderTableViewCell.m; sourceTree = "<group>"; };
		7E0C8AC31743E7B700579E10 /* UIBubbleTableView.h */ = {isa = PBXFileReference; fileEncoding = 4; lastKnownFileType = sourcecode.c.h; path = UIBubbleTableView.h; sourceTree = "<group>"; };
		7E0C8AC41743E7B700579E10 /* UIBubbleTableView.m */ = {isa = PBXFileReference; fileEncoding = 4; lastKnownFileType = sourcecode.c.objc; path = UIBubbleTableView.m; sourceTree = "<group>"; };
		7E0C8AC51743E7B700579E10 /* UIBubbleTableViewCell.h */ = {isa = PBXFileReference; fileEncoding = 4; lastKnownFileType = sourcecode.c.h; path = UIBubbleTableViewCell.h; sourceTree = "<group>"; };
		7E0C8AC61743E7B700579E10 /* UIBubbleTableViewCell.m */ = {isa = PBXFileReference; fileEncoding = 4; lastKnownFileType = sourcecode.c.objc; path = UIBubbleTableViewCell.m; sourceTree = "<group>"; };
		7E0C8AC71743E7B700579E10 /* UIBubbleTableViewDataSource.h */ = {isa = PBXFileReference; fileEncoding = 4; lastKnownFileType = sourcecode.c.h; path = UIBubbleTableViewDataSource.h; sourceTree = "<group>"; };
		7E0C8AC81743E7B700579E10 /* UIBubbleTypingTableViewCell.h */ = {isa = PBXFileReference; fileEncoding = 4; lastKnownFileType = sourcecode.c.h; path = UIBubbleTypingTableViewCell.h; sourceTree = "<group>"; };
		7E0C8AC91743E7B700579E10 /* UIBubbleTypingTableViewCell.m */ = {isa = PBXFileReference; fileEncoding = 4; lastKnownFileType = sourcecode.c.objc; path = UIBubbleTypingTableViewCell.m; sourceTree = "<group>"; };
		7E0C8ACF1743E7CE00579E10 /* SearchToolBar.h */ = {isa = PBXFileReference; fileEncoding = 4; lastKnownFileType = sourcecode.c.h; path = SearchToolBar.h; sourceTree = "<group>"; };
		7E0C8AD01743E7CE00579E10 /* SearchToolBar.m */ = {isa = PBXFileReference; fileEncoding = 4; lastKnownFileType = sourcecode.c.objc; path = SearchToolBar.m; sourceTree = "<group>"; };
		7E0C8AD21743E7E800579E10 /* MessengerViewController.h */ = {isa = PBXFileReference; fileEncoding = 4; lastKnownFileType = sourcecode.c.h; path = MessengerViewController.h; sourceTree = "<group>"; };
		7E0C8AD31743E7E800579E10 /* MessengerViewController.m */ = {isa = PBXFileReference; fileEncoding = 4; lastKnownFileType = sourcecode.c.objc; path = MessengerViewController.m; sourceTree = "<group>"; };
		7E0C8AD41743E7E800579E10 /* MessengerViewController.xib */ = {isa = PBXFileReference; fileEncoding = 4; lastKnownFileType = file.xib; path = MessengerViewController.xib; sourceTree = "<group>"; };
		7E0C8AD81743E80500579E10 /* FeedbackViewController.h */ = {isa = PBXFileReference; fileEncoding = 4; lastKnownFileType = sourcecode.c.h; path = FeedbackViewController.h; sourceTree = "<group>"; };
		7E0C8AD91743E80500579E10 /* FeedbackViewController.m */ = {isa = PBXFileReference; fileEncoding = 4; lastKnownFileType = sourcecode.c.objc; path = FeedbackViewController.m; sourceTree = "<group>"; };
		7E0C8ADA1743E80500579E10 /* FeedbackViewController.xib */ = {isa = PBXFileReference; fileEncoding = 4; lastKnownFileType = file.xib; path = FeedbackViewController.xib; sourceTree = "<group>"; };
		7E0C8ADD1743E82300579E10 /* MyBlogViewController.h */ = {isa = PBXFileReference; fileEncoding = 4; lastKnownFileType = sourcecode.c.h; path = MyBlogViewController.h; sourceTree = "<group>"; };
		7E0C8ADE1743E82300579E10 /* MyBlogViewController.m */ = {isa = PBXFileReference; fileEncoding = 4; lastKnownFileType = sourcecode.c.objc; path = MyBlogViewController.m; sourceTree = "<group>"; };
		7E0C8ADF1743E82300579E10 /* MyBlogViewController.xib */ = {isa = PBXFileReference; fileEncoding = 4; lastKnownFileType = file.xib; path = MyBlogViewController.xib; sourceTree = "<group>"; };
		7E0C8AE21743E82C00579E10 /* TistoryViewController.h */ = {isa = PBXFileReference; fileEncoding = 4; lastKnownFileType = sourcecode.c.h; path = TistoryViewController.h; sourceTree = "<group>"; };
		7E0C8AE31743E82C00579E10 /* TistoryViewController.m */ = {isa = PBXFileReference; fileEncoding = 4; lastKnownFileType = sourcecode.c.objc; path = TistoryViewController.m; sourceTree = "<group>"; };
		7E0C8AE41743E82C00579E10 /* TistoryViewController.xib */ = {isa = PBXFileReference; fileEncoding = 4; lastKnownFileType = file.xib; path = TistoryViewController.xib; sourceTree = "<group>"; };
		7E0C8AE71743E85D00579E10 /* InfoCell.h */ = {isa = PBXFileReference; fileEncoding = 4; lastKnownFileType = sourcecode.c.h; path = InfoCell.h; sourceTree = "<group>"; };
		7E0C8AE81743E85D00579E10 /* InfoCell.m */ = {isa = PBXFileReference; fileEncoding = 4; lastKnownFileType = sourcecode.c.objc; path = InfoCell.m; sourceTree = "<group>"; };
		7E0C8AE91743E85D00579E10 /* InfoViewController.h */ = {isa = PBXFileReference; fileEncoding = 4; lastKnownFileType = sourcecode.c.h; path = InfoViewController.h; sourceTree = "<group>"; };
		7E0C8AEA1743E85D00579E10 /* InfoViewController.m */ = {isa = PBXFileReference; fileEncoding = 4; lastKnownFileType = sourcecode.c.objc; path = InfoViewController.m; sourceTree = "<group>"; };
		7E0C8AEB1743E85D00579E10 /* InfoViewController.xib */ = {isa = PBXFileReference; fileEncoding = 4; lastKnownFileType = file.xib; path = InfoViewController.xib; sourceTree = "<group>"; };
		7E0C8AEC1743E85D00579E10 /* SwitchCell.h */ = {isa = PBXFileReference; fileEncoding = 4; lastKnownFileType = sourcecode.c.h; path = SwitchCell.h; sourceTree = "<group>"; };
		7E0C8AED1743E85E00579E10 /* SwitchCell.m */ = {isa = PBXFileReference; fileEncoding = 4; lastKnownFileType = sourcecode.c.objc; path = SwitchCell.m; sourceTree = "<group>"; };
		7E0C8AEE1743E85E00579E10 /* TIstoryConnectionViewController.h */ = {isa = PBXFileReference; fileEncoding = 4; lastKnownFileType = sourcecode.c.h; path = TIstoryConnectionViewController.h; sourceTree = "<group>"; };
		7E0C8AEF1743E85E00579E10 /* TIstoryConnectionViewController.m */ = {isa = PBXFileReference; fileEncoding = 4; lastKnownFileType = sourcecode.c.objc; path = TIstoryConnectionViewController.m; sourceTree = "<group>"; };
		7E0C8AF01743E85E00579E10 /* TIstoryConnectionViewController.xib */ = {isa = PBXFileReference; fileEncoding = 4; lastKnownFileType = file.xib; path = TIstoryConnectionViewController.xib; sourceTree = "<group>"; };
		7E0C8AF71743E8B200579E10 /* AuthViewController.h */ = {isa = PBXFileReference; fileEncoding = 4; lastKnownFileType = sourcecode.c.h; path = AuthViewController.h; sourceTree = "<group>"; };
		7E0C8AF81743E8B200579E10 /* AuthViewController.m */ = {isa = PBXFileReference; fileEncoding = 4; lastKnownFileType = sourcecode.c.objc; path = AuthViewController.m; sourceTree = "<group>"; };
		7E0C8AF91743E8B200579E10 /* AuthViewController.xib */ = {isa = PBXFileReference; fileEncoding = 4; lastKnownFileType = file.xib; path = AuthViewController.xib; sourceTree = "<group>"; };
		7E0C8AFC1743E90E00579E10 /* NSBubbleData.h */ = {isa = PBXFileReference; fileEncoding = 4; lastKnownFileType = sourcecode.c.h; path = NSBubbleData.h; sourceTree = "<group>"; };
		7E0C8AFD1743E90E00579E10 /* NSBubbleData.m */ = {isa = PBXFileReference; fileEncoding = 4; lastKnownFileType = sourcecode.c.objc; path = NSBubbleData.m; sourceTree = "<group>"; };
		7E0C8AFF174439D100579E10 /* WritterViewController.h */ = {isa = PBXFileReference; fileEncoding = 4; lastKnownFileType = sourcecode.c.h; path = WritterViewController.h; sourceTree = "<group>"; };
		7E0C8B00174439D100579E10 /* WritterViewController.m */ = {isa = PBXFileReference; fileEncoding = 4; lastKnownFileType = sourcecode.c.objc; path = WritterViewController.m; sourceTree = "<group>"; };
		7E0C8B01174439D100579E10 /* WritterViewController.xib */ = {isa = PBXFileReference; fileEncoding = 4; lastKnownFileType = file.xib; path = WritterViewController.xib; sourceTree = "<group>"; };
		7E5C68301747668A00B61234 /* TistoryHtmlTagManager.h */ = {isa = PBXFileReference; fileEncoding = 4; lastKnownFileType = sourcecode.c.h; path = TistoryHtmlTagManager.h; sourceTree = "<group>"; };
		7E5C68311747668A00B61234 /* TistoryHtmlTagManager.m */ = {isa = PBXFileReference; fileEncoding = 4; lastKnownFileType = sourcecode.c.objc; path = TistoryHtmlTagManager.m; sourceTree = "<group>"; };
		7E5C68331747882600B61234 /* TagInputViewController.h */ = {isa = PBXFileReference; fileEncoding = 4; lastKnownFileType = sourcecode.c.h; path = TagInputViewController.h; sourceTree = "<group>"; };
		7E5C68341747882600B61234 /* TagInputViewController.m */ = {isa = PBXFileReference; fileEncoding = 4; lastKnownFileType = sourcecode.c.objc; path = TagInputViewController.m; sourceTree = "<group>"; };
		7E5C68351747882600B61234 /* TagInputViewController.xib */ = {isa = PBXFileReference; fileEncoding = 4; lastKnownFileType = file.xib; path = TagInputViewController.xib; sourceTree = "<group>"; };
		7E5C68381747891700B61234 /* CategoryInputViewController.h */ = {isa = PBXFileReference; fileEncoding = 4; lastKnownFileType = sourcecode.c.h; path = CategoryInputViewController.h; sourceTree = "<group>"; };
		7E5C68391747891800B61234 /* CategoryInputViewController.m */ = {isa = PBXFileReference; fileEncoding = 4; lastKnownFileType = sourcecode.c.objc; path = CategoryInputViewController.m; sourceTree = "<group>"; };
		7E5C683A1747891800B61234 /* CategoryInputViewController.xib */ = {isa = PBXFileReference; fileEncoding = 4; lastKnownFileType = file.xib; path = CategoryInputViewController.xib; sourceTree = "<group>"; };
		7E5C683E17480D9C00B61234 /* CategoryApi.h */ = {isa = PBXFileReference; fileEncoding = 4; lastKnownFileType = sourcecode.c.h; path = CategoryApi.h; sourceTree = "<group>"; };
		7E5C683F17480D9C00B61234 /* CategoryApi.m */ = {isa = PBXFileReference; fileEncoding = 4; lastKnownFileType = sourcecode.c.objc; path = CategoryApi.m; sourceTree = "<group>"; };
		7E5C684117481EB500B61234 /* CategoryInfo.h */ = {isa = PBXFileReference; fileEncoding = 4; lastKnownFileType = sourcecode.c.h; path = CategoryInfo.h; sourceTree = "<group>"; };
		7E5C684217481EB500B61234 /* CategoryInfo.m */ = {isa = PBXFileReference; fileEncoding = 4; lastKnownFileType = sourcecode.c.objc; path = CategoryInfo.m; sourceTree = "<group>"; };
		7E5F18761750FC3900DDD3D6 /* CMColourBlockView.h */ = {isa = PBXFileReference; fileEncoding = 4; lastKnownFileType = sourcecode.c.h; path = CMColourBlockView.h; sourceTree = "<group>"; };
		7E5F18771750FC3900DDD3D6 /* CMColourBlockView.m */ = {isa = PBXFileReference; fileEncoding = 4; lastKnownFileType = sourcecode.c.objc; path = CMColourBlockView.m; sourceTree = "<group>"; };
		7E5F18781750FC3900DDD3D6 /* CMColourSelectTableViewController.h */ = {isa = PBXFileReference; fileEncoding = 4; lastKnownFileType = sourcecode.c.h; path = CMColourSelectTableViewController.h; sourceTree = "<group>"; };
		7E5F18791750FC3900DDD3D6 /* CMColourSelectTableViewController.m */ = {isa = PBXFileReference; fileEncoding = 4; lastKnownFileType = sourcecode.c.objc; path = CMColourSelectTableViewController.m; sourceTree = "<group>"; };
		7E5F187A1750FC3900DDD3D6 /* CMColourSelectTableViewController.xib */ = {isa = PBXFileReference; fileEncoding = 4; lastKnownFileType = file.xib; path = CMColourSelectTableViewController.xib; sourceTree = "<group>"; };
		7E5F187B1750FC3900DDD3D6 /* CMFontSelectTableViewController.h */ = {isa = PBXFileReference; fileEncoding = 4; lastKnownFileType = sourcecode.c.h; path = CMFontSelectTableViewController.h; sourceTree = "<group>"; };
		7E5F187C1750FC3900DDD3D6 /* CMFontSelectTableViewController.m */ = {isa = PBXFileReference; fileEncoding = 4; lastKnownFileType = sourcecode.c.objc; path = CMFontSelectTableViewController.m; sourceTree = "<group>"; };
		7E5F187D1750FC3900DDD3D6 /* CMFontSelectTableViewController.xib */ = {isa = PBXFileReference; fileEncoding = 4; lastKnownFileType = file.xib; path = CMFontSelectTableViewController.xib; sourceTree = "<group>"; };
		7E5F187E1750FC3900DDD3D6 /* CMFontStyleSelectTableViewController.h */ = {isa = PBXFileReference; fileEncoding = 4; lastKnownFileType = sourcecode.c.h; path = CMFontStyleSelectTableViewController.h; sourceTree = "<group>"; };
		7E5F187F1750FC3900DDD3D6 /* CMFontStyleSelectTableViewController.m */ = {isa = PBXFileReference; fileEncoding = 4; lastKnownFileType = sourcecode.c.objc; path = CMFontStyleSelectTableViewController.m; sourceTree = "<group>"; };
		7E5F18801750FC3900DDD3D6 /* CMFontStyleSelectTableViewController.xib */ = {isa = PBXFileReference; fileEncoding = 4; lastKnownFileType = file.xib; path = CMFontStyleSelectTableViewController.xib; sourceTree = "<group>"; };
		7E5F18811750FC3900DDD3D6 /* CMTextStylePickerViewController.h */ = {isa = PBXFileReference; fileEncoding = 4; lastKnownFileType = sourcecode.c.h; path = CMTextStylePickerViewController.h; sourceTree = "<group>"; };
		7E5F18821750FC3900DDD3D6 /* CMTextStylePickerViewController.m */ = {isa = PBXFileReference; fileEncoding = 4; lastKnownFileType = sourcecode.c.objc; path = CMTextStylePickerViewController.m; sourceTree = "<group>"; };
		7E5F18831750FC3900DDD3D6 /* CMTextStylePickerViewController.xib */ = {isa = PBXFileReference; fileEncoding = 4; lastKnownFileType = file.xib; path = CMTextStylePickerViewController.xib; sourceTree = "<group>"; };
		7E5F18841750FC3900DDD3D6 /* CMUpDownControl.h */ = {isa = PBXFileReference; fileEncoding = 4; lastKnownFileType = sourcecode.c.h; path = CMUpDownControl.h; sourceTree = "<group>"; };
		7E5F18851750FC3900DDD3D6 /* CMUpDownControl.m */ = {isa = PBXFileReference; fileEncoding = 4; lastKnownFileType = sourcecode.c.objc; path = CMUpDownControl.m; sourceTree = "<group>"; };
		7E5F18901751926400DDD3D6 /* NSAccessory.h */ = {isa = PBXFileReference; fileEncoding = 4; lastKnownFileType = sourcecode.c.h; path = NSAccessory.h; sourceTree = "<group>"; };
		7E5F18911751926400DDD3D6 /* NSAccessory.m */ = {isa = PBXFileReference; fileEncoding = 4; lastKnownFileType = sourcecode.c.objc; path = NSAccessory.m; sourceTree = "<group>"; };
		7E5F18931751928E00DDD3D6 /* NSFontAccessory.h */ = {isa = PBXFileReference; fileEncoding = 4; lastKnownFileType = sourcecode.c.h; path = NSFontAccessory.h; sourceTree = "<group>"; };
		7E5F18941751928E00DDD3D6 /* NSFontAccessory.m */ = {isa = PBXFileReference; fileEncoding = 4; lastKnownFileType = sourcecode.c.objc; path = NSFontAccessory.m; sourceTree = "<group>"; };
		7E5F18961753148800DDD3D6 /* NSColor.h */ = {isa = PBXFileReference; fileEncoding = 4; lastKnownFileType = sourcecode.c.h; path = NSColor.h; sourceTree = "<group>"; };
		7E5F18971753148900DDD3D6 /* NSColor.m */ = {isa = PBXFileReference; fileEncoding = 4; lastKnownFileType = sourcecode.c.objc; path = NSColor.m; sourceTree = "<group>"; };
		7E6E920017540C010063A9D0 /* PostListInfo.h */ = {isa = PBXFileReference; fileEncoding = 4; lastKnownFileType = sourcecode.c.h; path = PostListInfo.h; sourceTree = "<group>"; };
		7E6E920117540C010063A9D0 /* PostListInfo.m */ = {isa = PBXFileReference; fileEncoding = 4; lastKnownFileType = sourcecode.c.objc; path = PostListInfo.m; sourceTree = "<group>"; };
		7E85EC561745A76D00926189 /* NSPosting.h */ = {isa = PBXFileReference; fileEncoding = 4; lastKnownFileType = sourcecode.c.h; path = NSPosting.h; sourceTree = "<group>"; };
		7E85EC571745A76E00926189 /* NSPosting.m */ = {isa = PBXFileReference; fileEncoding = 4; lastKnownFileType = sourcecode.c.objc; path = NSPosting.m; sourceTree = "<group>"; };
		7E85EC5A1745C2D600926189 /* NSMD5Utils.h */ = {isa = PBXFileReference; fileEncoding = 4; lastKnownFileType = sourcecode.c.h; path = NSMD5Utils.h; sourceTree = "<group>"; };
		7E85EC5B1745C2D600926189 /* NSMD5Utils.m */ = {isa = PBXFileReference; fileEncoding = 4; lastKnownFileType = sourcecode.c.objc; path = NSMD5Utils.m; sourceTree = "<group>"; };
		7E85EC5D1745F84500926189 /* NSPostingIndex.h */ = {isa = PBXFileReference; fileEncoding = 4; lastKnownFileType = sourcecode.c.h; path = NSPostingIndex.h; sourceTree = "<group>"; };
		7E85EC5E1745F84500926189 /* NSPostingIndex.m */ = {isa = PBXFileReference; fileEncoding = 4; lastKnownFileType = sourcecode.c.objc; path = NSPostingIndex.m; sourceTree = "<group>"; };
		7E85EC61174667EF00926189 /* BlogPostingCell.h */ = {isa = PBXFileReference; fileEncoding = 4; lastKnownFileType = sourcecode.c.h; path = BlogPostingCell.h; sourceTree = "<group>"; };
		7E85EC62174667EF00926189 /* BlogPostingCell.m */ = {isa = PBXFileReference; fileEncoding = 4; lastKnownFileType = sourcecode.c.objc; path = BlogPostingCell.m; sourceTree = "<group>"; };
		7E85EC6417466A4F00926189 /* NSDateUtils.h */ = {isa = PBXFileReference; fileEncoding = 4; lastKnownFileType = sourcecode.c.h; path = NSDateUtils.h; sourceTree = "<group>"; };
		7E85EC6517466A5000926189 /* NSDateUtils.m */ = {isa = PBXFileReference; fileEncoding = 4; lastKnownFileType = sourcecode.c.objc; path = NSDateUtils.m; sourceTree = "<group>"; };
		7E8F38461745118500E5B9AF /* hr.png */ = {isa = PBXFileReference; lastKnownFileType = image.png; path = hr.png; sourceTree = "<group>"; };
		7EBE76211753929300C51C4F /* PostListApi.h */ = {isa = PBXFileReference; fileEncoding = 4; lastKnownFileType = sourcecode.c.h; path = PostListApi.h; sourceTree = "<group>"; };
		7EBE76221753929300C51C4F /* PostListApi.m */ = {isa = PBXFileReference; fileEncoding = 4; lastKnownFileType = sourcecode.c.objc; path = PostListApi.m; sourceTree = "<group>"; };
		7EDA35C517482283006CA470 /* CRTableViewCell.h */ = {isa = PBXFileReference; fileEncoding = 4; lastKnownFileType = sourcecode.c.h; path = CRTableViewCell.h; sourceTree = "<group>"; };
		7EDA35C617482283006CA470 /* CRTableViewCell.m */ = {isa = PBXFileReference; fileEncoding = 4; lastKnownFileType = sourcecode.c.objc; path = CRTableViewCell.m; sourceTree = "<group>"; };
		7EDA35C81748538E006CA470 /* NSPostingUpload.h */ = {isa = PBXFileReference; fileEncoding = 4; lastKnownFileType = sourcecode.c.h; path = NSPostingUpload.h; sourceTree = "<group>"; };
		7EDA35C91748538E006CA470 /* NSPostingUpload.m */ = {isa = PBXFileReference; fileEncoding = 4; lastKnownFileType = sourcecode.c.objc; path = NSPostingUpload.m; sourceTree = "<group>"; };
		7EDA35CF17486B2B006CA470 /* WriteApi.h */ = {isa = PBXFileReference; fileEncoding = 4; lastKnownFileType = sourcecode.c.h; path = WriteApi.h; sourceTree = "<group>"; };
		7EDA35D017486B2B006CA470 /* WriteApi.m */ = {isa = PBXFileReference; fileEncoding = 4; lastKnownFileType = sourcecode.c.objc; path = WriteApi.m; sourceTree = "<group>"; };
		7EDA35D217487FFB006CA470 /* ApiUtils.h */ = {isa = PBXFileReference; fileEncoding = 4; lastKnownFileType = sourcecode.c.h; path = ApiUtils.h; sourceTree = "<group>"; };
		7EDA35D317487FFB006CA470 /* ApiUtils.m */ = {isa = PBXFileReference; fileEncoding = 4; lastKnownFileType = sourcecode.c.objc; path = ApiUtils.m; sourceTree = "<group>"; };
/* End PBXFileReference section */

/* Begin PBXFrameworksBuildPhase section */
		7E0C8A0C1743D74C00579E10 /* Frameworks */ = {
			isa = PBXFrameworksBuildPhase;
			buildActionMask = 2147483647;
			files = (
				7E0C8A131743D74C00579E10 /* UIKit.framework in Frameworks */,
				7E0C8A151743D74C00579E10 /* Foundation.framework in Frameworks */,
				7E0C8A171743D74C00579E10 /* CoreGraphics.framework in Frameworks */,
			);
			runOnlyForDeploymentPostprocessing = 0;
		};
/* End PBXFrameworksBuildPhase section */

/* Begin PBXGroup section */
		7E0C8A061743D74C00579E10 = {
			isa = PBXGroup;
			children = (
				7E0C8A181743D74C00579E10 /* TistoryTalk */,
				7E0C8A111743D74C00579E10 /* Frameworks */,
				7E0C8A101743D74C00579E10 /* Products */,
			);
			sourceTree = "<group>";
		};
		7E0C8A101743D74C00579E10 /* Products */ = {
			isa = PBXGroup;
			children = (
				7E0C8A0F1743D74C00579E10 /* TistoryTalk.app */,
			);
			name = Products;
			sourceTree = "<group>";
		};
		7E0C8A111743D74C00579E10 /* Frameworks */ = {
			isa = PBXGroup;
			children = (
				7E0C8A121743D74C00579E10 /* UIKit.framework */,
				7E0C8A141743D74C00579E10 /* Foundation.framework */,
				7E0C8A161743D74C00579E10 /* CoreGraphics.framework */,
			);
			name = Frameworks;
			sourceTree = "<group>";
		};
		7E0C8A181743D74C00579E10 /* TistoryTalk */ = {
			isa = PBXGroup;
			children = (
				7E0C8A471743D9CC00579E10 /* TistoryAPI */,
				7E0C8A431743D78100579E10 /* Images */,
				7E0C8A4A1743DA1F00579E10 /* DataStructure */,
				7E0C8A491743DA0F00579E10 /* StandardUserSettings */,
				7E0C8A481743DA0400579E10 /* Library */,
				7E0C8A461743D9B700579E10 /* Tabs */,
				7E0C8A211743D74C00579E10 /* AppDelegate.h */,
				7E0C8A221743D74C00579E10 /* AppDelegate.m */,
				7E0C8A191743D74C00579E10 /* Supporting Files */,
			);
			path = TistoryTalk;
			sourceTree = "<group>";
		};
		7E0C8A191743D74C00579E10 /* Supporting Files */ = {
			isa = PBXGroup;
			children = (
				7E0C8A1A1743D74C00579E10 /* TistoryTalk-Info.plist */,
				7E0C8A1B1743D74C00579E10 /* InfoPlist.strings */,
				7E0C8A1E1743D74C00579E10 /* main.m */,
				7E0C8A201743D74C00579E10 /* TistoryTalk-Prefix.pch */,
				7E0C8A241743D74C00579E10 /* Default.png */,
				7E0C8A261743D74C00579E10 /* Default@2x.png */,
				7E0C8A281743D74C00579E10 /* Default-568h@2x.png */,
			);
			name = "Supporting Files";
			sourceTree = "<group>";
		};
		7E0C8A431743D78100579E10 /* Images */ = {
			isa = PBXGroup;
			children = (
				7E8F38461745118500E5B9AF /* hr.png */,
				7E0C8A451743D9AD00579E10 /* MenuImage */,
				7E0C8A441743D7AB00579E10 /* TabImage */,
			);
			name = Images;
			sourceTree = "<group>";
		};
		7E0C8A441743D7AB00579E10 /* TabImage */ = {
			isa = PBXGroup;
			children = (
				7E0C8A571743DB8400579E10 /* bookmark.png */,
				7E0C8A581743DB8400579E10 /* bookmark@2x.png */,
				7E0C8A591743DB8400579E10 /* bubble.png */,
				7E0C8A5A1743DB8400579E10 /* favorite-bookmark.png */,
				7E0C8A5B1743DB8400579E10 /* favorite-bookmark@2x.png */,
				7E0C8A5C1743DB8400579E10 /* home.png */,
				7E0C8AAA1743E76000579E10 /* bubble@2x.png */,
				7E0C8A5D1743DB8400579E10 /* home@2x.png */,
				7E0C8A5E1743DB8400579E10 /* settings.png */,
				7E0C8A5F1743DB8400579E10 /* settings@2x.png */,
				7E0C8A601743DB8400579E10 /* tistory.png */,
				7E0C8A611743DB8400579E10 /* tistory@2x.png */,
			);
			name = TabImage;
			sourceTree = "<group>";
		};
		7E0C8A451743D9AD00579E10 /* MenuImage */ = {
			isa = PBXGroup;
			children = (
				7E0C8A4B1743DB2B00579E10 /* blue-menuBar.png */,
				7E0C8A4C1743DB2B00579E10 /* blue-menuBar@2x.png */,
				7E0C8A4D1743DB2B00579E10 /* blue-reverse-menuBar.png */,
				7E0C8A531743DB4000579E10 /* red-menuBar.png */,
				7E0C8A541743DB4000579E10 /* red-menuBar@2x.png */,
				7E0C8A4E1743DB2B00579E10 /* blue-reverse-menuBar@2x.png */,
			);
			name = MenuImage;
			sourceTree = "<group>";
		};
		7E0C8A461743D9B700579E10 /* Tabs */ = {
			isa = PBXGroup;
			children = (
				7E0C8B0D17443B9D00579E10 /* NOTUSED */,
				7E0C8B0B17443B5900579E10 /* WritterTab */,
				7E0C8B0617443ABD00579E10 /* MyBlogTab */,
				7E0C8B0517443AB100579E10 /* InfoTab */,
			);
			name = Tabs;
			sourceTree = "<group>";
		};
		7E0C8A471743D9CC00579E10 /* TistoryAPI */ = {
			isa = PBXGroup;
			children = (
				7EBE76201753927500C51C4F /* PostListApi */,
				7EBE761F1753926700C51C4F /* Global */,
				7EDA35CB174861A7006CA470 /* WriteAPI */,
				7E5C683D17480CA900B61234 /* CategoryAPI */,
				7E0C8A7B1743DEF200579E10 /* MyBlogAPI */,
			);
			name = TistoryAPI;
			sourceTree = "<group>";
		};
		7E0C8A481743DA0400579E10 /* Library */ = {
			isa = PBXGroup;
			children = (
				7E5F18751750FC3900DDD3D6 /* CMTextStylePicker */,
				7E85EC6417466A4F00926189 /* NSDateUtils.h */,
				7E85EC6517466A5000926189 /* NSDateUtils.m */,
				7E85EC591745C2BC00926189 /* MD5 */,
				7E0C8A6E1743DBDC00579E10 /* JSON */,
				7E0C8A6D1743DBCD00579E10 /* HtmlRequest */,
				7E5F18961753148800DDD3D6 /* NSColor.h */,
				7E5F18971753148900DDD3D6 /* NSColor.m */,
			);
			name = Library;
			sourceTree = "<group>";
		};
		7E0C8A491743DA0F00579E10 /* StandardUserSettings */ = {
			isa = PBXGroup;
			children = (
				7E0C8A751743DEBE00579E10 /* SettingKeys.h */,
				7E0C8A771743DEBE00579E10 /* StandardUserSettings.h */,
				7E0C8A781743DEBE00579E10 /* StandardUserSettings.m */,
			);
			name = StandardUserSettings;
			sourceTree = "<group>";
		};
		7E0C8A4A1743DA1F00579E10 /* DataStructure */ = {
			isa = PBXGroup;
			children = (
				7E5C682F1747665100B61234 /* HTML */,
				7E85EC551745A74C00926189 /* DataManager */,
				7E0C8A821743DF8800579E10 /* Data */,
			);
			name = DataStructure;
			sourceTree = "<group>";
		};
		7E0C8A6D1743DBCD00579E10 /* HtmlRequest */ = {
			isa = PBXGroup;
			children = (
				7E0C8A721743DC0F00579E10 /* HTTPRequest.h */,
				7E0C8A731743DC0F00579E10 /* HTTPRequest.m */,
			);
			name = HtmlRequest;
			sourceTree = "<group>";
		};
		7E0C8A6E1743DBDC00579E10 /* JSON */ = {
			isa = PBXGroup;
			children = (
				7E0C8A6F1743DBF600579E10 /* JSONKit.h */,
				7E0C8A701743DBF600579E10 /* JSONKit.m */,
			);
			name = JSON;
			sourceTree = "<group>";
		};
		7E0C8A7B1743DEF200579E10 /* MyBlogAPI */ = {
			isa = PBXGroup;
			children = (
				7E0C8A7C1743DF5600579E10 /* MyBlogApi.h */,
				7E0C8A7D1743DF5600579E10 /* MyBlogApi.m */,
				7E0C8A7E1743DF5600579E10 /* MyBlogInfo.h */,
				7E0C8A7F1743DF5600579E10 /* MyBlogInfo.m */,
			);
			name = MyBlogAPI;
			sourceTree = "<group>";
		};
		7E0C8A821743DF8800579E10 /* Data */ = {
			isa = PBXGroup;
			children = (
				7E85EC561745A76D00926189 /* NSPosting.h */,
				7E85EC571745A76E00926189 /* NSPosting.m */,
				7E85EC5D1745F84500926189 /* NSPostingIndex.h */,
				7E85EC5E1745F84500926189 /* NSPostingIndex.m */,
				7EDA35C81748538E006CA470 /* NSPostingUpload.h */,
				7EDA35C91748538E006CA470 /* NSPostingUpload.m */,
				7E5F18901751926400DDD3D6 /* NSAccessory.h */,
				7E5F18911751926400DDD3D6 /* NSAccessory.m */,
				7E5F18931751928E00DDD3D6 /* NSFontAccessory.h */,
				7E5F18941751928E00DDD3D6 /* NSFontAccessory.m */,
			);
			name = Data;
			sourceTree = "<group>";
		};
		7E0C8A8F1743E25A00579E10 /* PostingViewController */ = {
			isa = PBXGroup;
			children = (
				7EDA35C517482283006CA470 /* CRTableViewCell.h */,
				7EDA35C617482283006CA470 /* CRTableViewCell.m */,
				7E0C8A901743E27B00579E10 /* PostingViewController.h */,
				7E0C8A911743E27B00579E10 /* PostingViewController.m */,
				7E0C8A921743E27B00579E10 /* PostingViewController.xib */,
				7E5C68331747882600B61234 /* TagInputViewController.h */,
				7E5C68341747882600B61234 /* TagInputViewController.m */,
				7E5C68351747882600B61234 /* TagInputViewController.xib */,
				7E5C68381747891700B61234 /* CategoryInputViewController.h */,
				7E5C68391747891800B61234 /* CategoryInputViewController.m */,
				7E5C683A1747891800B61234 /* CategoryInputViewController.xib */,
			);
			name = PostingViewController;
			sourceTree = "<group>";
		};
		7E0C8A951743E28E00579E10 /* WritterViewController */ = {
			isa = PBXGroup;
			children = (
				7E85EC60174667B900926189 /* CustomCells */,
				7E0C8AFF174439D100579E10 /* WritterViewController.h */,
				7E0C8B00174439D100579E10 /* WritterViewController.m */,
				7E0C8B01174439D100579E10 /* WritterViewController.xib */,
				7E0C8A9E1743E6C100579E10 /* MessengerWriterController */,
				7E0C8A991743E40200579E10 /* PopOverMenu */,
			);
			name = WritterViewController;
			sourceTree = "<group>";
		};
		7E0C8A991743E40200579E10 /* PopOverMenu */ = {
			isa = PBXGroup;
			children = (
				7E0C8A9A1743E41600579E10 /* PopoverView_Configuration.h */,
				7E0C8A9B1743E41600579E10 /* PopoverView.h */,
				7E0C8A9C1743E41600579E10 /* PopoverView.m */,
			);
			name = PopOverMenu;
			sourceTree = "<group>";
		};
		7E0C8A9E1743E6C100579E10 /* MessengerWriterController */ = {
			isa = PBXGroup;
			children = (
				7E0C8AD21743E7E800579E10 /* MessengerViewController.h */,
				7E0C8AD31743E7E800579E10 /* MessengerViewController.m */,
				7E0C8AD41743E7E800579E10 /* MessengerViewController.xib */,
				7E0C8ACE1743E7BB00579E10 /* SearchToolBar */,
				7E0C8AC01743E7A200579E10 /* UIBubbleTableView */,
				7E0C8AA11743E70100579E10 /* MessengerImages */,
			);
			name = MessengerWriterController;
			sourceTree = "<group>";
		};
		7E0C8AA11743E70100579E10 /* MessengerImages */ = {
			isa = PBXGroup;
			children = (
				7E0C8AAC1743E78500579E10 /* bubbleMine.png */,
				7E0C8AAD1743E78500579E10 /* bubbleMine@2x.png */,
				7E0C8AAE1743E78500579E10 /* bubbleSomeone.png */,
				7E0C8AAF1743E78500579E10 /* bubbleSomeone@2x.png */,
				7E0C8AB01743E78500579E10 /* missingAvatar.png */,
				7E0C8AB11743E78500579E10 /* missingAvatar@2x.png */,
				7E0C8AB21743E78500579E10 /* typingMine.png */,
				7E0C8AB31743E78500579E10 /* typingMine@2x.png */,
				7E0C8AB41743E78500579E10 /* typingSomeone.png */,
				7E0C8AB51743E78500579E10 /* typingSomeone@2x.png */,
			);
			name = MessengerImages;
			sourceTree = "<group>";
		};
		7E0C8AC01743E7A200579E10 /* UIBubbleTableView */ = {
			isa = PBXGroup;
			children = (
				7E0C8AFC1743E90E00579E10 /* NSBubbleData.h */,
				7E0C8AFD1743E90E00579E10 /* NSBubbleData.m */,
				7E0C8AC11743E7B700579E10 /* UIBubbleHeaderTableViewCell.h */,
				7E0C8AC21743E7B700579E10 /* UIBubbleHeaderTableViewCell.m */,
				7E0C8AC31743E7B700579E10 /* UIBubbleTableView.h */,
				7E0C8AC41743E7B700579E10 /* UIBubbleTableView.m */,
				7E0C8AC51743E7B700579E10 /* UIBubbleTableViewCell.h */,
				7E0C8AC61743E7B700579E10 /* UIBubbleTableViewCell.m */,
				7E0C8AC71743E7B700579E10 /* UIBubbleTableViewDataSource.h */,
				7E0C8AC81743E7B700579E10 /* UIBubbleTypingTableViewCell.h */,
				7E0C8AC91743E7B700579E10 /* UIBubbleTypingTableViewCell.m */,
			);
			name = UIBubbleTableView;
			sourceTree = "<group>";
		};
		7E0C8ACE1743E7BB00579E10 /* SearchToolBar */ = {
			isa = PBXGroup;
			children = (
				7E0C8ACF1743E7CE00579E10 /* SearchToolBar.h */,
				7E0C8AD01743E7CE00579E10 /* SearchToolBar.m */,
			);
			name = SearchToolBar;
			sourceTree = "<group>";
		};
		7E0C8AD71743E7F200579E10 /* FeedBackViewController */ = {
			isa = PBXGroup;
			children = (
				7E0C8AD81743E80500579E10 /* FeedbackViewController.h */,
				7E0C8AD91743E80500579E10 /* FeedbackViewController.m */,
				7E0C8ADA1743E80500579E10 /* FeedbackViewController.xib */,
			);
			name = FeedBackViewController;
			sourceTree = "<group>";
		};
		7E0C8B0417443A8A00579E10 /* AuthViewController */ = {
			isa = PBXGroup;
			children = (
				7E0C8AF71743E8B200579E10 /* AuthViewController.h */,
				7E0C8AF81743E8B200579E10 /* AuthViewController.m */,
				7E0C8AF91743E8B200579E10 /* AuthViewController.xib */,
			);
			name = AuthViewController;
			sourceTree = "<group>";
		};
		7E0C8B0517443AB100579E10 /* InfoTab */ = {
			isa = PBXGroup;
			children = (
				7E0C8B0A17443B2700579E10 /* InfoViewController */,
				7E0C8B0917443B0B00579E10 /* CustomCells */,
				7E0C8B0717443AD400579E10 /* AppInfoViewController */,
				7E0C8B0817443AE600579E10 /* TistoryConnectViewController */,
			);
			name = InfoTab;
			sourceTree = "<group>";
		};
		7E0C8B0617443ABD00579E10 /* MyBlogTab */ = {
			isa = PBXGroup;
			children = (
				7E0C8B0C17443B7A00579E10 /* MyBlogViewController */,
			);
			name = MyBlogTab;
			sourceTree = "<group>";
		};
		7E0C8B0717443AD400579E10 /* AppInfoViewController */ = {
			isa = PBXGroup;
			children = (
			);
			name = AppInfoViewController;
			sourceTree = "<group>";
		};
		7E0C8B0817443AE600579E10 /* TistoryConnectViewController */ = {
			isa = PBXGroup;
			children = (
				7E0C8B0417443A8A00579E10 /* AuthViewController */,
				7E0C8AEE1743E85E00579E10 /* TIstoryConnectionViewController.h */,
				7E0C8AEF1743E85E00579E10 /* TIstoryConnectionViewController.m */,
				7E0C8AF01743E85E00579E10 /* TIstoryConnectionViewController.xib */,
			);
			name = TistoryConnectViewController;
			sourceTree = "<group>";
		};
		7E0C8B0917443B0B00579E10 /* CustomCells */ = {
			isa = PBXGroup;
			children = (
				7E0C8AE71743E85D00579E10 /* InfoCell.h */,
				7E0C8AE81743E85D00579E10 /* InfoCell.m */,
				7E0C8AEC1743E85D00579E10 /* SwitchCell.h */,
				7E0C8AED1743E85E00579E10 /* SwitchCell.m */,
			);
			name = CustomCells;
			sourceTree = "<group>";
		};
		7E0C8B0A17443B2700579E10 /* InfoViewController */ = {
			isa = PBXGroup;
			children = (
				7E0C8AE91743E85D00579E10 /* InfoViewController.h */,
				7E0C8AEA1743E85D00579E10 /* InfoViewController.m */,
				7E0C8AEB1743E85D00579E10 /* InfoViewController.xib */,
			);
			name = InfoViewController;
			sourceTree = "<group>";
		};
		7E0C8B0B17443B5900579E10 /* WritterTab */ = {
			isa = PBXGroup;
			children = (
				7E0C8A8F1743E25A00579E10 /* PostingViewController */,
				7E0C8A951743E28E00579E10 /* WritterViewController */,
			);
			name = WritterTab;
			sourceTree = "<group>";
		};
		7E0C8B0C17443B7A00579E10 /* MyBlogViewController */ = {
			isa = PBXGroup;
			children = (
				7E5C682D17471F7800B61234 /* CustomCells */,
				7E0C8ADD1743E82300579E10 /* MyBlogViewController.h */,
				7E0C8ADE1743E82300579E10 /* MyBlogViewController.m */,
				7E0C8ADF1743E82300579E10 /* MyBlogViewController.xib */,
			);
			name = MyBlogViewController;
			sourceTree = "<group>";
		};
		7E0C8B0D17443B9D00579E10 /* NOTUSED */ = {
			isa = PBXGroup;
			children = (
				7E0C8AD71743E7F200579E10 /* FeedBackViewController */,
				7E0C8B0E17443BAC00579E10 /* TistoryViewController */,
			);
			name = NOTUSED;
			sourceTree = "<group>";
		};
		7E0C8B0E17443BAC00579E10 /* TistoryViewController */ = {
			isa = PBXGroup;
			children = (
				7E0C8AE21743E82C00579E10 /* TistoryViewController.h */,
				7E0C8AE31743E82C00579E10 /* TistoryViewController.m */,
				7E0C8AE41743E82C00579E10 /* TistoryViewController.xib */,
			);
			name = TistoryViewController;
			sourceTree = "<group>";
		};
		7E5C682D17471F7800B61234 /* CustomCells */ = {
			isa = PBXGroup;
			children = (
			);
			name = CustomCells;
			sourceTree = "<group>";
		};
		7E5C682F1747665100B61234 /* HTML */ = {
			isa = PBXGroup;
			children = (
				7E0C8A891743DFBC00579E10 /* TagManager.h */,
				7E0C8A8A1743DFBC00579E10 /* TagManager.m */,
				7E5C68301747668A00B61234 /* TistoryHtmlTagManager.h */,
				7E5C68311747668A00B61234 /* TistoryHtmlTagManager.m */,
			);
			name = HTML;
			sourceTree = "<group>";
		};
		7E5C683D17480CA900B61234 /* CategoryAPI */ = {
			isa = PBXGroup;
			children = (
				7E5C683E17480D9C00B61234 /* CategoryApi.h */,
				7E5C683F17480D9C00B61234 /* CategoryApi.m */,
				7E5C684117481EB500B61234 /* CategoryInfo.h */,
				7E5C684217481EB500B61234 /* CategoryInfo.m */,
			);
			name = CategoryAPI;
			sourceTree = "<group>";
		};
		7E5F18751750FC3900DDD3D6 /* CMTextStylePicker */ = {
			isa = PBXGroup;
			children = (
				7E5F18761750FC3900DDD3D6 /* CMColourBlockView.h */,
				7E5F18771750FC3900DDD3D6 /* CMColourBlockView.m */,
				7E5F18781750FC3900DDD3D6 /* CMColourSelectTableViewController.h */,
				7E5F18791750FC3900DDD3D6 /* CMColourSelectTableViewController.m */,
				7E5F187A1750FC3900DDD3D6 /* CMColourSelectTableViewController.xib */,
				7E5F187B1750FC3900DDD3D6 /* CMFontSelectTableViewController.h */,
				7E5F187C1750FC3900DDD3D6 /* CMFontSelectTableViewController.m */,
				7E5F187D1750FC3900DDD3D6 /* CMFontSelectTableViewController.xib */,
				7E5F187E1750FC3900DDD3D6 /* CMFontStyleSelectTableViewController.h */,
				7E5F187F1750FC3900DDD3D6 /* CMFontStyleSelectTableViewController.m */,
				7E5F18801750FC3900DDD3D6 /* CMFontStyleSelectTableViewController.xib */,
				7E5F18811750FC3900DDD3D6 /* CMTextStylePickerViewController.h */,
				7E5F18821750FC3900DDD3D6 /* CMTextStylePickerViewController.m */,
				7E5F18831750FC3900DDD3D6 /* CMTextStylePickerViewController.xib */,
				7E5F18841750FC3900DDD3D6 /* CMUpDownControl.h */,
				7E5F18851750FC3900DDD3D6 /* CMUpDownControl.m */,
			);
			path = CMTextStylePicker;
			sourceTree = "<group>";
		};
		7E85EC551745A74C00926189 /* DataManager */ = {
			isa = PBXGroup;
			children = (
				7E0C8A851743DFBC00579E10 /* DataManager.h */,
				7E0C8A861743DFBC00579E10 /* DataManager.m */,
			);
			name = DataManager;
			sourceTree = "<group>";
		};
		7E85EC591745C2BC00926189 /* MD5 */ = {
			isa = PBXGroup;
			children = (
				7E85EC5A1745C2D600926189 /* NSMD5Utils.h */,
				7E85EC5B1745C2D600926189 /* NSMD5Utils.m */,
			);
			name = MD5;
			sourceTree = "<group>";
		};
		7E85EC60174667B900926189 /* CustomCells */ = {
			isa = PBXGroup;
			children = (
				7E85EC61174667EF00926189 /* BlogPostingCell.h */,
				7E85EC62174667EF00926189 /* BlogPostingCell.m */,
			);
			name = CustomCells;
			sourceTree = "<group>";
		};
		7EBE761F1753926700C51C4F /* Global */ = {
			isa = PBXGroup;
			children = (
				7EDA35D217487FFB006CA470 /* ApiUtils.h */,
				7EDA35D317487FFB006CA470 /* ApiUtils.m */,
			);
			name = Global;
			sourceTree = "<group>";
		};
		7EBE76201753927500C51C4F /* PostListApi */ = {
			isa = PBXGroup;
			children = (
				7EBE76211753929300C51C4F /* PostListApi.h */,
				7EBE76221753929300C51C4F /* PostListApi.m */,
				7E6E920017540C010063A9D0 /* PostListInfo.h */,
				7E6E920117540C010063A9D0 /* PostListInfo.m */,
			);
			name = PostListApi;
			sourceTree = "<group>";
		};
		7EDA35CB174861A7006CA470 /* WriteAPI */ = {
			isa = PBXGroup;
			children = (
				7EDA35CF17486B2B006CA470 /* WriteApi.h */,
				7EDA35D017486B2B006CA470 /* WriteApi.m */,
			);
			name = WriteAPI;
			sourceTree = "<group>";
		};
/* End PBXGroup section */

/* Begin PBXNativeTarget section */
		7E0C8A0E1743D74C00579E10 /* TistoryTalk */ = {
			isa = PBXNativeTarget;
			buildConfigurationList = 7E0C8A401743D74C00579E10 /* Build configuration list for PBXNativeTarget "TistoryTalk" */;
			buildPhases = (
				7E0C8A0B1743D74C00579E10 /* Sources */,
				7E0C8A0C1743D74C00579E10 /* Frameworks */,
				7E0C8A0D1743D74C00579E10 /* Resources */,
			);
			buildRules = (
			);
			dependencies = (
			);
			name = TistoryTalk;
			productName = TistoryTalk;
			productReference = 7E0C8A0F1743D74C00579E10 /* TistoryTalk.app */;
			productType = "com.apple.product-type.application";
		};
/* End PBXNativeTarget section */

/* Begin PBXProject section */
		7E0C8A071743D74C00579E10 /* Project object */ = {
			isa = PBXProject;
			attributes = {
				LastUpgradeCheck = 0460;
				ORGANIZATIONNAME = INDF;
			};
			buildConfigurationList = 7E0C8A0A1743D74C00579E10 /* Build configuration list for PBXProject "TistoryTalk" */;
			compatibilityVersion = "Xcode 3.2";
			developmentRegion = English;
			hasScannedForEncodings = 0;
			knownRegions = (
				en,
			);
			mainGroup = 7E0C8A061743D74C00579E10;
			productRefGroup = 7E0C8A101743D74C00579E10 /* Products */;
			projectDirPath = "";
			projectRoot = "";
			targets = (
				7E0C8A0E1743D74C00579E10 /* TistoryTalk */,
			);
		};
/* End PBXProject section */

/* Begin PBXResourcesBuildPhase section */
		7E0C8A0D1743D74C00579E10 /* Resources */ = {
			isa = PBXResourcesBuildPhase;
			buildActionMask = 2147483647;
			files = (
				7E0C8A1D1743D74C00579E10 /* InfoPlist.strings in Resources */,
				7E0C8A251743D74C00579E10 /* Default.png in Resources */,
				7E0C8A271743D74C00579E10 /* Default@2x.png in Resources */,
				7E0C8A291743D74C00579E10 /* Default-568h@2x.png in Resources */,
				7E0C8A4F1743DB2B00579E10 /* blue-menuBar.png in Resources */,
				7E0C8A501743DB2B00579E10 /* blue-menuBar@2x.png in Resources */,
				7E0C8A511743DB2B00579E10 /* blue-reverse-menuBar.png in Resources */,
				7E0C8A521743DB2B00579E10 /* blue-reverse-menuBar@2x.png in Resources */,
				7E0C8A551743DB4000579E10 /* red-menuBar.png in Resources */,
				7E0C8A561743DB4000579E10 /* red-menuBar@2x.png in Resources */,
				7E0C8A621743DB8400579E10 /* bookmark.png in Resources */,
				7E0C8A631743DB8400579E10 /* bookmark@2x.png in Resources */,
				7E0C8A641743DB8400579E10 /* bubble.png in Resources */,
				7E0C8A651743DB8400579E10 /* favorite-bookmark.png in Resources */,
				7E0C8A661743DB8400579E10 /* favorite-bookmark@2x.png in Resources */,
				7E0C8A671743DB8400579E10 /* home.png in Resources */,
				7E0C8A681743DB8400579E10 /* home@2x.png in Resources */,
				7E0C8A691743DB8400579E10 /* settings.png in Resources */,
				7E0C8A6A1743DB8400579E10 /* settings@2x.png in Resources */,
				7E0C8A6B1743DB8400579E10 /* tistory.png in Resources */,
				7E0C8A6C1743DB8400579E10 /* tistory@2x.png in Resources */,
				7E0C8A941743E27B00579E10 /* PostingViewController.xib in Resources */,
				7E0C8AAB1743E76000579E10 /* bubble@2x.png in Resources */,
				7E0C8AB61743E78500579E10 /* bubbleMine.png in Resources */,
				7E0C8AB71743E78500579E10 /* bubbleMine@2x.png in Resources */,
				7E0C8AB81743E78500579E10 /* bubbleSomeone.png in Resources */,
				7E0C8AB91743E78500579E10 /* bubbleSomeone@2x.png in Resources */,
				7E0C8ABA1743E78500579E10 /* missingAvatar.png in Resources */,
				7E0C8ABB1743E78500579E10 /* missingAvatar@2x.png in Resources */,
				7E0C8ABC1743E78500579E10 /* typingMine.png in Resources */,
				7E0C8ABD1743E78500579E10 /* typingMine@2x.png in Resources */,
				7E0C8ABE1743E78500579E10 /* typingSomeone.png in Resources */,
				7E0C8ABF1743E78500579E10 /* typingSomeone@2x.png in Resources */,
				7E0C8AD61743E7E900579E10 /* MessengerViewController.xib in Resources */,
				7E0C8ADC1743E80500579E10 /* FeedbackViewController.xib in Resources */,
				7E0C8AE11743E82400579E10 /* MyBlogViewController.xib in Resources */,
				7E0C8AE61743E82C00579E10 /* TistoryViewController.xib in Resources */,
				7E0C8AF31743E85E00579E10 /* InfoViewController.xib in Resources */,
				7E0C8AF61743E85E00579E10 /* TIstoryConnectionViewController.xib in Resources */,
				7E0C8AFB1743E8B200579E10 /* AuthViewController.xib in Resources */,
				7E0C8B03174439D200579E10 /* WritterViewController.xib in Resources */,
				7E8F38471745118500E5B9AF /* hr.png in Resources */,
				7E5C68371747882600B61234 /* TagInputViewController.xib in Resources */,
				7E5C683C1747891800B61234 /* CategoryInputViewController.xib in Resources */,
				7E5F18881750FC3900DDD3D6 /* CMColourSelectTableViewController.xib in Resources */,
				7E5F188A1750FC3900DDD3D6 /* CMFontSelectTableViewController.xib in Resources */,
				7E5F188C1750FC3900DDD3D6 /* CMFontStyleSelectTableViewController.xib in Resources */,
				7E5F188E1750FC3900DDD3D6 /* CMTextStylePickerViewController.xib in Resources */,
			);
			runOnlyForDeploymentPostprocessing = 0;
		};
/* End PBXResourcesBuildPhase section */

/* Begin PBXSourcesBuildPhase section */
		7E0C8A0B1743D74C00579E10 /* Sources */ = {
			isa = PBXSourcesBuildPhase;
			buildActionMask = 2147483647;
			files = (
				7E0C8A1F1743D74C00579E10 /* main.m in Sources */,
				7E0C8A231743D74C00579E10 /* AppDelegate.m in Sources */,
				7E0C8A711743DBF600579E10 /* JSONKit.m in Sources */,
				7E0C8A741743DC0F00579E10 /* HTTPRequest.m in Sources */,
				7E0C8A7A1743DEBE00579E10 /* StandardUserSettings.m in Sources */,
				7E0C8A801743DF5600579E10 /* MyBlogApi.m in Sources */,
				7E0C8A811743DF5600579E10 /* MyBlogInfo.m in Sources */,
				7E0C8A8C1743DFBC00579E10 /* DataManager.m in Sources */,
				7E0C8A8E1743DFBC00579E10 /* TagManager.m in Sources */,
				7E0C8A931743E27B00579E10 /* PostingViewController.m in Sources */,
				7E0C8A9D1743E41600579E10 /* PopoverView.m in Sources */,
				7E0C8ACA1743E7B700579E10 /* UIBubbleHeaderTableViewCell.m in Sources */,
				7E0C8ACB1743E7B700579E10 /* UIBubbleTableView.m in Sources */,
				7E0C8ACC1743E7B700579E10 /* UIBubbleTableViewCell.m in Sources */,
				7E0C8ACD1743E7B700579E10 /* UIBubbleTypingTableViewCell.m in Sources */,
				7E0C8AD11743E7CE00579E10 /* SearchToolBar.m in Sources */,
				7E0C8AD51743E7E900579E10 /* MessengerViewController.m in Sources */,
				7E0C8ADB1743E80500579E10 /* FeedbackViewController.m in Sources */,
				7E0C8AE01743E82400579E10 /* MyBlogViewController.m in Sources */,
				7E0C8AE51743E82C00579E10 /* TistoryViewController.m in Sources */,
				7E0C8AF11743E85E00579E10 /* InfoCell.m in Sources */,
				7E0C8AF21743E85E00579E10 /* InfoViewController.m in Sources */,
				7E0C8AF41743E85E00579E10 /* SwitchCell.m in Sources */,
				7E0C8AF51743E85E00579E10 /* TIstoryConnectionViewController.m in Sources */,
				7E0C8AFA1743E8B200579E10 /* AuthViewController.m in Sources */,
				7E0C8AFE1743E90E00579E10 /* NSBubbleData.m in Sources */,
				7E0C8B02174439D200579E10 /* WritterViewController.m in Sources */,
				7E85EC581745A76E00926189 /* NSPosting.m in Sources */,
				7E85EC5C1745C2D600926189 /* NSMD5Utils.m in Sources */,
				7E85EC5F1745F84500926189 /* NSPostingIndex.m in Sources */,
				7E85EC63174667EF00926189 /* BlogPostingCell.m in Sources */,
				7E85EC6617466A5000926189 /* NSDateUtils.m in Sources */,
				7E5C68321747668A00B61234 /* TistoryHtmlTagManager.m in Sources */,
				7E5C68361747882600B61234 /* TagInputViewController.m in Sources */,
				7E5C683B1747891800B61234 /* CategoryInputViewController.m in Sources */,
				7E5C684017480D9C00B61234 /* CategoryApi.m in Sources */,
				7E5C684317481EB500B61234 /* CategoryInfo.m in Sources */,
				7EDA35C717482283006CA470 /* CRTableViewCell.m in Sources */,
				7EDA35CA1748538E006CA470 /* NSPostingUpload.m in Sources */,
				7EDA35D117486B2B006CA470 /* WriteApi.m in Sources */,
				7EDA35D417487FFB006CA470 /* ApiUtils.m in Sources */,
				7E5F18861750FC3900DDD3D6 /* CMColourBlockView.m in Sources */,
				7E5F18871750FC3900DDD3D6 /* CMColourSelectTableViewController.m in Sources */,
				7E5F18891750FC3900DDD3D6 /* CMFontSelectTableViewController.m in Sources */,
				7E5F188B1750FC3900DDD3D6 /* CMFontStyleSelectTableViewController.m in Sources */,
				7E5F188D1750FC3900DDD3D6 /* CMTextStylePickerViewController.m in Sources */,
				7E5F188F1750FC3900DDD3D6 /* CMUpDownControl.m in Sources */,
				7E5F18921751926400DDD3D6 /* NSAccessory.m in Sources */,
				7E5F18951751928E00DDD3D6 /* NSFontAccessory.m in Sources */,
				7E5F18981753148B00DDD3D6 /* NSColor.m in Sources */,
				7EBE76231753929300C51C4F /* PostListApi.m in Sources */,
				7E6E920217540C010063A9D0 /* PostListInfo.m in Sources */,
			);
			runOnlyForDeploymentPostprocessing = 0;
		};
/* End PBXSourcesBuildPhase section */

/* Begin PBXVariantGroup section */
		7E0C8A1B1743D74C00579E10 /* InfoPlist.strings */ = {
			isa = PBXVariantGroup;
			children = (
				7E0C8A1C1743D74C00579E10 /* en */,
			);
			name = InfoPlist.strings;
			sourceTree = "<group>";
		};
/* End PBXVariantGroup section */

/* Begin XCBuildConfiguration section */
		7E0C8A3E1743D74C00579E10 /* Debug */ = {
			isa = XCBuildConfiguration;
			buildSettings = {
				ALWAYS_SEARCH_USER_PATHS = NO;
				CLANG_CXX_LANGUAGE_STANDARD = "gnu++0x";
				CLANG_CXX_LIBRARY = "libc++";
				CLANG_ENABLE_OBJC_ARC = YES;
				CLANG_WARN_CONSTANT_CONVERSION = YES;
				CLANG_WARN_EMPTY_BODY = YES;
				CLANG_WARN_ENUM_CONVERSION = YES;
				CLANG_WARN_INT_CONVERSION = YES;
				CLANG_WARN__DUPLICATE_METHOD_MATCH = YES;
				"CODE_SIGN_IDENTITY[sdk=iphoneos*]" = "iPhone Developer";
				COPY_PHASE_STRIP = NO;
				GCC_C_LANGUAGE_STANDARD = gnu99;
				GCC_DYNAMIC_NO_PIC = NO;
				GCC_OPTIMIZATION_LEVEL = 0;
				GCC_PREPROCESSOR_DEFINITIONS = (
					"DEBUG=1",
					"$(inherited)",
				);
				GCC_SYMBOLS_PRIVATE_EXTERN = NO;
				GCC_WARN_ABOUT_RETURN_TYPE = YES;
				GCC_WARN_UNINITIALIZED_AUTOS = YES;
				GCC_WARN_UNUSED_VARIABLE = YES;
				IPHONEOS_DEPLOYMENT_TARGET = 6.1;
				ONLY_ACTIVE_ARCH = YES;
				SDKROOT = iphoneos;
			};
			name = Debug;
		};
		7E0C8A3F1743D74C00579E10 /* Release */ = {
			isa = XCBuildConfiguration;
			buildSettings = {
				ALWAYS_SEARCH_USER_PATHS = NO;
				CLANG_CXX_LANGUAGE_STANDARD = "gnu++0x";
				CLANG_CXX_LIBRARY = "libc++";
				CLANG_ENABLE_OBJC_ARC = YES;
				CLANG_WARN_CONSTANT_CONVERSION = YES;
				CLANG_WARN_EMPTY_BODY = YES;
				CLANG_WARN_ENUM_CONVERSION = YES;
				CLANG_WARN_INT_CONVERSION = YES;
				CLANG_WARN__DUPLICATE_METHOD_MATCH = YES;
				"CODE_SIGN_IDENTITY[sdk=iphoneos*]" = "iPhone Developer";
				COPY_PHASE_STRIP = YES;
				GCC_C_LANGUAGE_STANDARD = gnu99;
				GCC_WARN_ABOUT_RETURN_TYPE = YES;
				GCC_WARN_UNINITIALIZED_AUTOS = YES;
				GCC_WARN_UNUSED_VARIABLE = YES;
				IPHONEOS_DEPLOYMENT_TARGET = 6.1;
				OTHER_CFLAGS = "-DNS_BLOCK_ASSERTIONS=1";
				SDKROOT = iphoneos;
				VALIDATE_PRODUCT = YES;
			};
			name = Release;
		};
		7E0C8A411743D74C00579E10 /* Debug */ = {
			isa = XCBuildConfiguration;
			buildSettings = {
				GCC_PRECOMPILE_PREFIX_HEADER = YES;
				GCC_PREFIX_HEADER = "TistoryTalk/TistoryTalk-Prefix.pch";
				INFOPLIST_FILE = "TistoryTalk/TistoryTalk-Info.plist";
				PRODUCT_NAME = "$(TARGET_NAME)";
				WRAPPER_EXTENSION = app;
			};
			name = Debug;
		};
		7E0C8A421743D74C00579E10 /* Release */ = {
			isa = XCBuildConfiguration;
			buildSettings = {
				GCC_PRECOMPILE_PREFIX_HEADER = YES;
				GCC_PREFIX_HEADER = "TistoryTalk/TistoryTalk-Prefix.pch";
				INFOPLIST_FILE = "TistoryTalk/TistoryTalk-Info.plist";
				PRODUCT_NAME = "$(TARGET_NAME)";
				WRAPPER_EXTENSION = app;
			};
			name = Release;
		};
/* End XCBuildConfiguration section */

/* Begin XCConfigurationList section */
		7E0C8A0A1743D74C00579E10 /* Build configuration list for PBXProject "TistoryTalk" */ = {
			isa = XCConfigurationList;
			buildConfigurations = (
				7E0C8A3E1743D74C00579E10 /* Debug */,
				7E0C8A3F1743D74C00579E10 /* Release */,
			);
			defaultConfigurationIsVisible = 0;
			defaultConfigurationName = Release;
		};
		7E0C8A401743D74C00579E10 /* Build configuration list for PBXNativeTarget "TistoryTalk" */ = {
			isa = XCConfigurationList;
			buildConfigurations = (
				7E0C8A411743D74C00579E10 /* Debug */,
				7E0C8A421743D74C00579E10 /* Release */,
			);
			defaultConfigurationIsVisible = 0;
			defaultConfigurationName = Release;
		};
/* End XCConfigurationList section */
	};
	rootObject = 7E0C8A071743D74C00579E10 /* Project object */;
}
